
Microsoft Visual Studio Solution File, Format Version 12.00
# Visual Studio Version 17
VisualStudioVersion = 17.0.32014.148
MinimumVisualStudioVersion = 10.0.40219.1
Project("{9A19103F-16F7-4668-BE54-9A1E7A4F7556}") = "PensionerDetailAPI", "PensionerDetailAPI\PensionerDetailAPI.csproj", "{390400AA-2CEE-42AC-9B0C-9E214705B7A2}"
EndProject
Project("{FAE04EC0-301F-11D3-BF4B-00C04F79EFBC}") = "PensionerDetail.test", "PensionerDetail.test\PensionerDetail.test.csproj", "{2B77A8DC-B0F1-4F3E-A0C6-6484E70EFD9A}"
EndProject
Global
	GlobalSection(SolutionConfigurationPlatforms) = preSolution
		Debug|Any CPU = Debug|Any CPU
		Release|Any CPU = Release|Any CPU
	EndGlobalSection
	GlobalSection(ProjectConfigurationPlatforms) = postSolution
		{390400AA-2CEE-42AC-9B0C-9E214705B7A2}.Debug|Any CPU.ActiveCfg = Debug|Any CPU
		{390400AA-2CEE-42AC-9B0C-9E214705B7A2}.Debug|Any CPU.Build.0 = Debug|Any CPU
		{390400AA-2CEE-42AC-9B0C-9E214705B7A2}.Release|Any CPU.ActiveCfg = Release|Any CPU
		{390400AA-2CEE-42AC-9B0C-9E214705B7A2}.Release|Any CPU.Build.0 = Release|Any CPU
		{2B77A8DC-B0F1-4F3E-A0C6-6484E70EFD9A}.Debug|Any CPU.ActiveCfg = Debug|Any CPU
		{2B77A8DC-B0F1-4F3E-A0C6-6484E70EFD9A}.Debug|Any CPU.Build.0 = Debug|Any CPU
		{2B77A8DC-B0F1-4F3E-A0C6-6484E70EFD9A}.Release|Any CPU.ActiveCfg = Release|Any CPU
		{2B77A8DC-B0F1-4F3E-A0C6-6484E70EFD9A}.Release|Any CPU.Build.0 = Release|Any CPU
	EndGlobalSection
	GlobalSection(SolutionProperties) = preSolution
		HideSolutionNode = FALSE
	EndGlobalSection
	GlobalSection(ExtensibilityGlobals) = postSolution
		SolutionGuid = {843D2B27-9B0C-4FB7-BBC9-7FC6E75871E4}
	EndGlobalSection
EndGlobal
